// !$*UTF8*$!
{
	archiveVersion = 1;
	classes = {
	};
	objectVersion = 77;
	objects = {

/* Begin PBXBuildFile section */
		8B90D1482DEDD44A00FBD189 /* Shared in Frameworks */ = {isa = PBXBuildFile; productRef = 8B90D1472DEDD44A00FBD189 /* Shared */; };
		AABB0011223344550000000C /* Shared in Frameworks */ = {isa = PBXBuildFile; productRef = AABB0011223344550000000B /* Shared */; };
		AABB0011223344550000000D /* AgentUsageWidgetExtension.appex in Embed Foundation Extensions */ = {isa = PBXBuildFile; fileRef = AABB00112233445500000099 /* AgentUsageWidgetExtension.appex */; settings = {ATTRIBUTES = (RemoveHeadersOnCopy, ); }; };
		CCDD0011223344550000000C /* Shared in Frameworks */ = {isa = PBXBuildFile; productRef = CCDD0011223344550000000B /* Shared */; };
		CCDD0011223344550000000D /* CodexUsageWidgetExtension.appex in Embed Foundation Extensions */ = {isa = PBXBuildFile; fileRef = CCDD00112233445500000099 /* CodexUsageWidgetExtension.appex */; settings = {ATTRIBUTES = (RemoveHeadersOnCopy, ); }; };
		DDDD00112233445500000009 /* Shared in Frameworks */ = {isa = PBXBuildFile; productRef = DDDD0011223344550000000A /* Shared */; };
/* End PBXBuildFile section */

/* Begin PBXContainerItemProxy section */
		8BC265752DEDD3F500F279A4 /* PBXContainerItemProxy */ = {
			isa = PBXContainerItemProxy;
			containerPortal = 8BC265542DEDD3F400F279A4 /* Project object */;
			proxyType = 1;
			remoteGlobalIDString = 8BC2655B2DEDD3F400F279A4;
			remoteInfo = AgentUsage;
		};
		AABB00112233445500000009 /* PBXContainerItemProxy */ = {
			isa = PBXContainerItemProxy;
			containerPortal = 8BC265542DEDD3F400F279A4 /* Project object */;
			proxyType = 1;
			remoteGlobalIDString = AABB00112233445500000004;
			remoteInfo = AgentUsageWidgetExtension;
		};
		CCDD00112233445500000009 /* PBXContainerItemProxy */ = {
			isa = PBXContainerItemProxy;
			containerPortal = 8BC265542DEDD3F400F279A4 /* Project object */;
			proxyType = 1;
			remoteGlobalIDString = CCDD00112233445500000004;
			remoteInfo = CodexUsageWidgetExtension;
		};
		DDDD0011223344550000000B /* PBXContainerItemProxy */ = {
			isa = PBXContainerItemProxy;
			containerPortal = 8BC265542DEDD3F400F279A4 /* Project object */;
			proxyType = 1;
			remoteGlobalIDString = AABB00112233445500000004;
			remoteInfo = AgentUsageWidgetExtension;
		};
		DDDD0011223344550000000C /* PBXContainerItemProxy */ = {
			isa = PBXContainerItemProxy;
			containerPortal = 8BC265542DEDD3F400F279A4 /* Project object */;
			proxyType = 1;
			remoteGlobalIDString = CCDD00112233445500000004;
			remoteInfo = CodexUsageWidgetExtension;
		};
/* End PBXContainerItemProxy section */

/* Begin PBXCopyFilesBuildPhase section */
		AABB00112233445500000008 /* Embed Foundation Extensions */ = {
			isa = PBXCopyFilesBuildPhase;
			buildActionMask = 2147483647;
			dstPath = "";
			dstSubfolderSpec = 13;
			files = (
				AABB0011223344550000000D /* AgentUsageWidgetExtension.appex in Embed Foundation Extensions */,
				CCDD0011223344550000000D /* CodexUsageWidgetExtension.appex in Embed Foundation Extensions */,
			);
			name = "Embed Foundation Extensions";
			runOnlyForDeploymentPostprocessing = 0;
		};
/* End PBXCopyFilesBuildPhase section */

/* Begin PBXFileReference section */
		8BC2655C2DEDD3F400F279A4 /* AgentUsage.app */ = {isa = PBXFileReference; explicitFileType = wrapper.application; includeInIndex = 0; path = AgentUsage.app; sourceTree = BUILT_PRODUCTS_DIR; };
		8BC265742DEDD3F500F279A4 /* AgentUsageUITests.xctest */ = {isa = PBXFileReference; explicitFileType = wrapper.cfbundle; includeInIndex = 0; path = AgentUsageUITests.xctest; sourceTree = BUILT_PRODUCTS_DIR; };
		AABB00112233445500000099 /* AgentUsageWidgetExtension.appex */ = {isa = PBXFileReference; explicitFileType = "wrapper.app-extension"; includeInIndex = 0; path = AgentUsageWidgetExtension.appex; sourceTree = BUILT_PRODUCTS_DIR; };
		CCDD00112233445500000099 /* CodexUsageWidgetExtension.appex */ = {isa = PBXFileReference; explicitFileType = "wrapper.app-extension"; includeInIndex = 0; path = CodexUsageWidgetExtension.appex; sourceTree = BUILT_PRODUCTS_DIR; };
		DDDD00112233445500000008 /* WidgetSnapshotTests.xctest */ = {isa = PBXFileReference; explicitFileType = wrapper.cfbundle; includeInIndex = 0; path = WidgetSnapshotTests.xctest; sourceTree = BUILT_PRODUCTS_DIR; };
/* End PBXFileReference section */

/* Begin PBXFileSystemSynchronizedBuildFileExceptionSet section */
		8BD71C1E2DEE424400CEDD92 /* Exceptions for "Config" folder in "AgentUsage" target */ = {
			isa = PBXFileSystemSynchronizedBuildFileExceptionSet;
			membershipExceptions = (
				Debug.xcconfig,
				Release.xcconfig,
				Shared.xcconfig,
				SnapshotTests.xcconfig,
				Tests.xcconfig,
			);
			target = 8BC2655B2DEDD3F400F279A4 /* AgentUsage */;
		};
/* End PBXFileSystemSynchronizedBuildFileExceptionSet section */

/* Begin PBXFileSystemSynchronizedRootGroup section */
		8B90D1BC2DEE373300FBD189 /* Config */ = {
			isa = PBXFileSystemSynchronizedRootGroup;
			exceptions = (
				8BD71C1E2DEE424400CEDD92 /* Exceptions for "Config" folder in "AgentUsage" target */,
			);
			path = Config;
			sourceTree = "<group>";
		};
		8BC2655E2DEDD3F400F279A4 /* AgentUsage */ = {
			isa = PBXFileSystemSynchronizedRootGroup;
			path = AgentUsage;
			sourceTree = "<group>";
		};
		8BC265772DEDD3F500F279A4 /* AgentUsageUITests */ = {
			isa = PBXFileSystemSynchronizedRootGroup;
			path = AgentUsageUITests;
			sourceTree = "<group>";
		};
		AABB00112233445500000000 /* AgentUsageWidgetExtension */ = {
			isa = PBXFileSystemSynchronizedRootGroup;
			path = AgentUsageWidgetExtension;
			sourceTree = "<group>";
		};
		CCDD00112233445500000000 /* CodexUsageWidgetExtension */ = {
			isa = PBXFileSystemSynchronizedRootGroup;
			path = CodexUsageWidgetExtension;
			sourceTree = "<group>";
		};
		DDDD00112233445500000000 /* WidgetSnapshotTests */ = {
			isa = PBXFileSystemSynchronizedRootGroup;
			path = WidgetSnapshotTests;
			sourceTree = "<group>";
		};
/* End PBXFileSystemSynchronizedRootGroup section */

/* Begin PBXFrameworksBuildPhase section */
		8BC265592DEDD3F400F279A4 /* Frameworks */ = {
			isa = PBXFrameworksBuildPhase;
			buildActionMask = 2147483647;
			files = (
				8B90D1482DEDD44A00FBD189 /* Shared in Frameworks */,
			);
			runOnlyForDeploymentPostprocessing = 0;
		};
		8BC265712DEDD3F500F279A4 /* Frameworks */ = {
			isa = PBXFrameworksBuildPhase;
			buildActionMask = 2147483647;
			files = (
			);
			runOnlyForDeploymentPostprocessing = 0;
		};
		AABB00112233445500000002 /* Frameworks */ = {
			isa = PBXFrameworksBuildPhase;
			buildActionMask = 2147483647;
			files = (
				AABB0011223344550000000C /* Shared in Frameworks */,
			);
			runOnlyForDeploymentPostprocessing = 0;
		};
		CCDD00112233445500000002 /* Frameworks */ = {
			isa = PBXFrameworksBuildPhase;
			buildActionMask = 2147483647;
			files = (
				CCDD0011223344550000000C /* Shared in Frameworks */,
			);
			runOnlyForDeploymentPostprocessing = 0;
		};
		DDDD00112233445500000002 /* Frameworks */ = {
			isa = PBXFrameworksBuildPhase;
			buildActionMask = 2147483647;
			files = (
				DDDD00112233445500000009 /* Shared in Frameworks */,
			);
			runOnlyForDeploymentPostprocessing = 0;
		};
/* End PBXFrameworksBuildPhase section */

/* Begin PBXGroup section */
		8B90D1462DEDD44A00FBD189 /* Frameworks */ = {
			isa = PBXGroup;
			children = (
			);
			name = Frameworks;
			sourceTree = "<group>";
		};
		8BC265532DEDD3F400F279A4 = {
			isa = PBXGroup;
			children = (
				8B90D1BC2DEE373300FBD189 /* Config */,
				8BC2655E2DEDD3F400F279A4 /* AgentUsage */,
				AABB00112233445500000000 /* AgentUsageWidgetExtension */,
				CCDD00112233445500000000 /* CodexUsageWidgetExtension */,
				8BC265772DEDD3F500F279A4 /* AgentUsageUITests */,
				DDDD00112233445500000000 /* WidgetSnapshotTests */,
				8B90D1462DEDD44A00FBD189 /* Frameworks */,
				8BC2655D2DEDD3F400F279A4 /* Products */,
			);
			sourceTree = "<group>";
		};
		8BC2655D2DEDD3F400F279A4 /* Products */ = {
			isa = PBXGroup;
			children = (
				8BC2655C2DEDD3F400F279A4 /* AgentUsage.app */,
				8BC265742DEDD3F500F279A4 /* AgentUsageUITests.xctest */,
				AABB00112233445500000099 /* AgentUsageWidgetExtension.appex */,
				CCDD00112233445500000099 /* CodexUsageWidgetExtension.appex */,
				DDDD00112233445500000008 /* WidgetSnapshotTests.xctest */,
			);
			name = Products;
			sourceTree = "<group>";
		};
/* End PBXGroup section */

/* Begin PBXNativeTarget section */
		8BC2655B2DEDD3F400F279A4 /* AgentUsage */ = {
			isa = PBXNativeTarget;
			buildConfigurationList = 8BC2657E2DEDD3F500F279A4 /* Build configuration list for PBXNativeTarget "AgentUsage" */;
			buildPhases = (
				8BC265582DEDD3F400F279A4 /* Sources */,
				8BC265592DEDD3F400F279A4 /* Frameworks */,
				8BC2655A2DEDD3F400F279A4 /* Resources */,
				AABB00112233445500000008 /* Embed Foundation Extensions */,
			);
			buildRules = (
			);
			dependencies = (
				AABB0011223344550000000A /* PBXTargetDependency */,
				CCDD0011223344550000000A /* PBXTargetDependency */,
			);
			fileSystemSynchronizedGroups = (
				8B90D1BC2DEE373300FBD189 /* Config */,
				8BC2655E2DEDD3F400F279A4 /* AgentUsage */,
			);
			name = AgentUsage;
			packageProductDependencies = (
				8B90D1472DEDD44A00FBD189 /* Shared */,
			);
			productName = AgentUsage;
			productReference = 8BC2655C2DEDD3F400F279A4 /* AgentUsage.app */;
			productType = "com.apple.product-type.application";
		};
		8BC265732DEDD3F500F279A4 /* AgentUsageUITests */ = {
			isa = PBXNativeTarget;
			buildConfigurationList = 8BC265842DEDD3F500F279A4 /* Build configuration list for PBXNativeTarget "AgentUsageUITests" */;
			buildPhases = (
				8BC265702DEDD3F500F279A4 /* Sources */,
				8BC265712DEDD3F500F279A4 /* Frameworks */,
				8BC265722DEDD3F500F279A4 /* Resources */,
			);
			buildRules = (
			);
			dependencies = (
				8BC265762DEDD3F500F279A4 /* PBXTargetDependency */,
			);
			fileSystemSynchronizedGroups = (
				8BC265772DEDD3F500F279A4 /* AgentUsageUITests */,
			);
			name = AgentUsageUITests;
			packageProductDependencies = (
			);
			productName = AgentUsageUITests;
			productReference = 8BC265742DEDD3F500F279A4 /* AgentUsageUITests.xctest */;
			productType = "com.apple.product-type.bundle.ui-testing";
		};
		AABB00112233445500000004 /* AgentUsageWidgetExtension */ = {
			isa = PBXNativeTarget;
			buildConfigurationList = AABB00112233445500000005 /* Build configuration list for PBXNativeTarget "AgentUsageWidgetExtension" */;
			buildPhases = (
				AABB00112233445500000001 /* Sources */,
				AABB00112233445500000002 /* Frameworks */,
				AABB00112233445500000003 /* Resources */,
			);
			buildRules = (
			);
			dependencies = (
			);
			fileSystemSynchronizedGroups = (
				AABB00112233445500000000 /* AgentUsageWidgetExtension */,
			);
			name = AgentUsageWidgetExtension;
			packageProductDependencies = (
				AABB0011223344550000000B /* Shared */,
			);
			productName = AgentUsageWidgetExtension;
			productReference = AABB00112233445500000099 /* AgentUsageWidgetExtension.appex */;
			productType = "com.apple.product-type.app-extension";
		};
		CCDD00112233445500000004 /* CodexUsageWidgetExtension */ = {
			isa = PBXNativeTarget;
			buildConfigurationList = CCDD00112233445500000005 /* Build configuration list for PBXNativeTarget "CodexUsageWidgetExtension" */;
			buildPhases = (
				CCDD00112233445500000001 /* Sources */,
				CCDD00112233445500000002 /* Frameworks */,
				CCDD00112233445500000003 /* Resources */,
			);
			buildRules = (
			);
			dependencies = (
			);
			fileSystemSynchronizedGroups = (
				CCDD00112233445500000000 /* CodexUsageWidgetExtension */,
			);
			name = CodexUsageWidgetExtension;
			packageProductDependencies = (
				CCDD0011223344550000000B /* Shared */,
			);
			productName = CodexUsageWidgetExtension;
			productReference = CCDD00112233445500000099 /* CodexUsageWidgetExtension.appex */;
			productType = "com.apple.product-type.app-extension";
		};
		DDDD00112233445500000004 /* WidgetSnapshotTests */ = {
			isa = PBXNativeTarget;
			buildConfigurationList = DDDD00112233445500000005 /* Build configuration list for PBXNativeTarget "WidgetSnapshotTests" */;
			buildPhases = (
				DDDD00112233445500000001 /* Sources */,
				DDDD00112233445500000002 /* Frameworks */,
				DDDD00112233445500000003 /* Resources */,
			);
			buildRules = (
			);
			dependencies = (
				DDDD0011223344550000000D /* PBXTargetDependency */,
				DDDD0011223344550000000E /* PBXTargetDependency */,
			);
			fileSystemSynchronizedGroups = (
				DDDD00112233445500000000 /* WidgetSnapshotTests */,
			);
			name = WidgetSnapshotTests;
			packageProductDependencies = (
				DDDD0011223344550000000A /* Shared */,
			);
			productName = WidgetSnapshotTests;
			productReference = DDDD00112233445500000008 /* WidgetSnapshotTests.xctest */;
			productType = "com.apple.product-type.bundle.unit-test";
		};
/* End PBXNativeTarget section */

/* Begin PBXProject section */
		8BC265542DEDD3F400F279A4 /* Project object */ = {
			isa = PBXProject;
			attributes = {
				BuildIndependentTargetsInParallel = 1;
				LastSwiftUpdateCheck = 1630;
				LastUpgradeCheck = 1630;
				ORGANIZATIONNAME = "$(ORGANIZATION_NAME)";
				TargetAttributes = {
					8BC2655B2DEDD3F400F279A4 = {
						CreatedOnToolsVersion = 16.3;
					};
					8BC265732DEDD3F500F279A4 = {
						CreatedOnToolsVersion = 16.3;
						TestTargetID = 8BC2655B2DEDD3F400F279A4;
					};
					AABB00112233445500000004 = {
						CreatedOnToolsVersion = 16.3;
					};
					CCDD00112233445500000004 = {
						CreatedOnToolsVersion = 16.3;
					};
					DDDD00112233445500000004 = {
						CreatedOnToolsVersion = 16.3;
					};
				};
			};
			buildConfigurationList = 8BC265572DEDD3F400F279A4 /* Build configuration list for PBXProject "AgentUsage" */;
			developmentRegion = en;
			hasScannedForEncodings = 0;
			knownRegions = (
				en,
				Base,
			);
			mainGroup = 8BC265532DEDD3F400F279A4;
			minimizedProjectReferenceProxies = 1;
			preferredProjectObjectVersion = 77;
			productRefGroup = 8BC2655D2DEDD3F400F279A4 /* Products */;
			projectDirPath = "";
			projectRoot = "";
			targets = (
				8BC2655B2DEDD3F400F279A4 /* AgentUsage */,
				AABB00112233445500000004 /* AgentUsageWidgetExtension */,
				CCDD00112233445500000004 /* CodexUsageWidgetExtension */,
				8BC265732DEDD3F500F279A4 /* AgentUsageUITests */,
				DDDD00112233445500000004 /* WidgetSnapshotTests */,
			);
		};
/* End PBXProject section */

/* Begin PBXResourcesBuildPhase section */
		8BC2655A2DEDD3F400F279A4 /* Resources */ = {
			isa = PBXResourcesBuildPhase;
			buildActionMask = 2147483647;
			files = (
			);
			runOnlyForDeploymentPostprocessing = 0;
		};
		8BC265722DEDD3F500F279A4 /* Resources */ = {
			isa = PBXResourcesBuildPhase;
			buildActionMask = 2147483647;
			files = (
			);
			runOnlyForDeploymentPostprocessing = 0;
		};
		AABB00112233445500000003 /* Resources */ = {
			isa = PBXResourcesBuildPhase;
			buildActionMask = 2147483647;
			files = (
			);
			runOnlyForDeploymentPostprocessing = 0;
		};
		CCDD00112233445500000003 /* Resources */ = {
			isa = PBXResourcesBuildPhase;
			buildActionMask = 2147483647;
			files = (
			);
			runOnlyForDeploymentPostprocessing = 0;
		};
		DDDD00112233445500000003 /* Resources */ = {
			isa = PBXResourcesBuildPhase;
			buildActionMask = 2147483647;
			files = (
			);
			runOnlyForDeploymentPostprocessing = 0;
		};
/* End PBXResourcesBuildPhase section */

/* Begin PBXSourcesBuildPhase section */
		8BC265582DEDD3F400F279A4 /* Sources */ = {
			isa = PBXSourcesBuildPhase;
			buildActionMask = 2147483647;
			files = (
			);
			runOnlyForDeploymentPostprocessing = 0;
		};
		8BC265702DEDD3F500F279A4 /* Sources */ = {
			isa = PBXSourcesBuildPhase;
			buildActionMask = 2147483647;
			files = (
			);
			runOnlyForDeploymentPostprocessing = 0;
		};
		AABB00112233445500000001 /* Sources */ = {
			isa = PBXSourcesBuildPhase;
			buildActionMask = 2147483647;
			files = (
			);
			runOnlyForDeploymentPostprocessing = 0;
		};
		CCDD00112233445500000001 /* Sources */ = {
			isa = PBXSourcesBuildPhase;
			buildActionMask = 2147483647;
			files = (
			);
			runOnlyForDeploymentPostprocessing = 0;
		};
		DDDD00112233445500000001 /* Sources */ = {
			isa = PBXSourcesBuildPhase;
			buildActionMask = 2147483647;
			files = (
			);
			runOnlyForDeploymentPostprocessing = 0;
		};
/* End PBXSourcesBuildPhase section */

/* Begin PBXTargetDependency section */
		8BC265762DEDD3F500F279A4 /* PBXTargetDependency */ = {
			isa = PBXTargetDependency;
			target = 8BC2655B2DEDD3F400F279A4 /* AgentUsage */;
			targetProxy = 8BC265752DEDD3F500F279A4 /* PBXContainerItemProxy */;
		};
		AABB0011223344550000000A /* PBXTargetDependency */ = {
			isa = PBXTargetDependency;
			target = AABB00112233445500000004 /* AgentUsageWidgetExtension */;
			targetProxy = AABB00112233445500000009 /* PBXContainerItemProxy */;
		};
		CCDD0011223344550000000A /* PBXTargetDependency */ = {
			isa = PBXTargetDependency;
			target = CCDD00112233445500000004 /* CodexUsageWidgetExtension */;
			targetProxy = CCDD00112233445500000009 /* PBXContainerItemProxy */;
		};
		DDDD0011223344550000000D /* PBXTargetDependency */ = {
			isa = PBXTargetDependency;
			target = AABB00112233445500000004 /* AgentUsageWidgetExtension */;
			targetProxy = DDDD0011223344550000000B /* PBXContainerItemProxy */;
		};
		DDDD0011223344550000000E /* PBXTargetDependency */ = {
			isa = PBXTargetDependency;
			target = CCDD00112233445500000004 /* CodexUsageWidgetExtension */;
			targetProxy = DDDD0011223344550000000C /* PBXContainerItemProxy */;
		};
/* End PBXTargetDependency section */

/* Begin XCBuildConfiguration section */
		8BC2657C2DEDD3F500F279A4 /* Debug */ = {
			isa = XCBuildConfiguration;
			buildSettings = {
				SWIFT_OPTIMIZATION_LEVEL = "-Onone";
				SWIFT_VERSION = 5.0;
			};
			name = Debug;
		};
		8BC2657D2DEDD3F500F279A4 /* Release */ = {
			isa = XCBuildConfiguration;
			buildSettings = {
				SWIFT_VERSION = 5.0;
			};
			name = Release;
		};
		8BC2657F2DEDD3F500F279A4 /* Debug */ = {
			isa = XCBuildConfiguration;
			baseConfigurationReferenceAnchor = 8B90D1BC2DEE373300FBD189 /* Config */;
			baseConfigurationReferenceRelativePath = Debug.xcconfig;
			buildSettings = {
				CODE_SIGN_IDENTITY = "Apple Development";
				CODE_SIGN_STYLE = Automatic;
				DEVELOPMENT_TEAM = HN6S8N7886;
				INFOPLIST_KEY_CFBundleDisplayName = "$(PRODUCT_DISPLAY_NAME)";
				PROVISIONING_PROFILE_SPECIFIER = "";
				SWIFT_VERSION = 5.0;
			};
			name = Debug;
		};
		8BC265802DEDD3F500F279A4 /* Release */ = {
			isa = XCBuildConfiguration;
			baseConfigurationReferenceAnchor = 8B90D1BC2DEE373300FBD189 /* Config */;
			baseConfigurationReferenceRelativePath = Release.xcconfig;
			buildSettings = {
				CODE_SIGN_IDENTITY = "Apple Development";
				CODE_SIGN_STYLE = Automatic;
				DEVELOPMENT_TEAM = HN6S8N7886;
				INFOPLIST_KEY_CFBundleDisplayName = "$(PRODUCT_DISPLAY_NAME)";
				PROVISIONING_PROFILE_SPECIFIER = "";
				SWIFT_VERSION = 5.0;
			};
			name = Release;
		};
		8BC265852DEDD3F500F279A4 /* Debug */ = {
			isa = XCBuildConfiguration;
			baseConfigurationReferenceAnchor = 8B90D1BC2DEE373300FBD189 /* Config */;
			baseConfigurationReferenceRelativePath = Tests.xcconfig;
			buildSettings = {
				CODE_SIGN_IDENTITY = "Apple Development";
				CODE_SIGN_STYLE = Automatic;
				DEVELOPMENT_TEAM = HN6S8N7886;
				PROVISIONING_PROFILE_SPECIFIER = "";
				SWIFT_VERSION = 5.0;
			};
			name = Debug;
		};
		8BC265862DEDD3F500F279A4 /* Release */ = {
			isa = XCBuildConfiguration;
			baseConfigurationReferenceAnchor = 8B90D1BC2DEE373300FBD189 /* Config */;
			baseConfigurationReferenceRelativePath = Tests.xcconfig;
			buildSettings = {
				CODE_SIGN_IDENTITY = "Apple Development";
				CODE_SIGN_STYLE = Automatic;
				DEVELOPMENT_TEAM = HN6S8N7886;
				PROVISIONING_PROFILE_SPECIFIER = "";
				SWIFT_VERSION = 5.0;
			};
			name = Release;
		};
		DDDD00112233445500000006 /* Debug */ = {
			isa = XCBuildConfiguration;
			baseConfigurationReferenceAnchor = 8B90D1BC2DEE373300FBD189 /* Config */;
			baseConfigurationReferenceRelativePath = SnapshotTests.xcconfig;
			buildSettings = {
				CODE_SIGN_IDENTITY = "Apple Development";
				CODE_SIGN_STYLE = Automatic;
				DEVELOPMENT_TEAM = HN6S8N7886;
				LD_RUNPATH_SEARCH_PATHS = (
					"$(inherited)",
					"$(BUILT_PRODUCTS_DIR)/AgentUsageWidgetExtension.appex/Contents/MacOS",
					"$(BUILT_PRODUCTS_DIR)/CodexUsageWidgetExtension.appex/Contents/MacOS",
				);
				OTHER_LDFLAGS = (
					"$(inherited)",
					"$(BUILT_PRODUCTS_DIR)/AgentUsageWidgetExtension.appex/Contents/MacOS/AgentUsageWidgetExtension.debug.dylib",
					"$(BUILT_PRODUCTS_DIR)/CodexUsageWidgetExtension.appex/Contents/MacOS/CodexUsageWidgetExtension.debug.dylib",
				);
				PROVISIONING_PROFILE_SPECIFIER = "";
				SWIFT_VERSION = 5.0;
			};
			name = Debug;
		};
		DDDD00112233445500000007 /* Release */ = {
			isa = XCBuildConfiguration;
			baseConfigurationReferenceAnchor = 8B90D1BC2DEE373300FBD189 /* Config */;
			baseConfigurationReferenceRelativePath = SnapshotTests.xcconfig;
			buildSettings = {
				CODE_SIGN_IDENTITY = "Apple Development";
				CODE_SIGN_STYLE = Automatic;
				DEVELOPMENT_TEAM = HN6S8N7886;
				LD_RUNPATH_SEARCH_PATHS = (
					"$(inherited)",
					"$(BUILT_PRODUCTS_DIR)/AgentUsageWidgetExtension.appex/Contents/MacOS",
					"$(BUILT_PRODUCTS_DIR)/CodexUsageWidgetExtension.appex/Contents/MacOS",
				);
				OTHER_LDFLAGS = (
					"$(inherited)",
					"$(BUILT_PRODUCTS_DIR)/AgentUsageWidgetExtension.appex/Contents/MacOS/AgentUsageWidgetExtension.debug.dylib",
					"$(BUILT_PRODUCTS_DIR)/CodexUsageWidgetExtension.appex/Contents/MacOS/CodexUsageWidgetExtension.debug.dylib",
				);
				PROVISIONING_PROFILE_SPECIFIER = "";
				SWIFT_VERSION = 5.0;
			};
			name = Release;
		};
		AABB00112233445500000006 /* Debug */ = {
			isa = XCBuildConfiguration;
			buildSettings = {
				ALWAYS_SEARCH_USER_PATHS = NO;
				CODE_SIGN_ENTITLEMENTS = AgentUsageWidgetExtension/AgentUsageWidgetExtension.entitlements;
				CODE_SIGN_IDENTITY = "Apple Development";
				CODE_SIGN_STYLE = Automatic;
				CURRENT_PROJECT_VERSION = 1;
				DEVELOPMENT_TEAM = HN6S8N7886;
				ENABLE_TESTABILITY = YES;
				GENERATE_INFOPLIST_FILE = YES;
				INFOPLIST_FILE = Config/AgentUsageWidgetExtension-Info.plist;
				INFOPLIST_KEY_CFBundleDisplayName = "Claude Usage";
				INFOPLIST_KEY_NSHumanReadableCopyright = "";
				LD_RUNPATH_SEARCH_PATHS = (
					"$(inherited)",
					"@executable_path/../Frameworks",
					"@executable_path/../../../../Frameworks",
				);
				MACOSX_DEPLOYMENT_TARGET = 14.0;
				MARKETING_VERSION = 1.0;
				PRODUCT_BUNDLE_IDENTIFIER = com.delikat.agentusage.widget;
				PRODUCT_NAME = "$(TARGET_NAME)";
				SKIP_INSTALL = YES;
				SWIFT_EMIT_LOC_STRINGS = YES;
				SWIFT_OPTIMIZATION_LEVEL = "-Onone";
				SWIFT_VERSION = 5.0;
			};
			name = Debug;
		};
		AABB00112233445500000007 /* Release */ = {
			isa = XCBuildConfiguration;
			buildSettings = {
				ALWAYS_SEARCH_USER_PATHS = NO;
				CODE_SIGN_ENTITLEMENTS = AgentUsageWidgetExtension/AgentUsageWidgetExtension.entitlements;
				CODE_SIGN_IDENTITY = "Apple Development";
				CODE_SIGN_STYLE = Automatic;
				CURRENT_PROJECT_VERSION = 1;
				DEVELOPMENT_TEAM = HN6S8N7886;
				GENERATE_INFOPLIST_FILE = YES;
				INFOPLIST_FILE = Config/AgentUsageWidgetExtension-Info.plist;
				INFOPLIST_KEY_CFBundleDisplayName = "Claude Usage";
				INFOPLIST_KEY_NSHumanReadableCopyright = "";
				LD_RUNPATH_SEARCH_PATHS = (
					"$(inherited)",
					"@executable_path/../Frameworks",
					"@executable_path/../../../../Frameworks",
				);
				MACOSX_DEPLOYMENT_TARGET = 14.0;
				MARKETING_VERSION = 1.0;
				PRODUCT_BUNDLE_IDENTIFIER = com.delikat.agentusage.widget;
				PRODUCT_NAME = "$(TARGET_NAME)";
				SKIP_INSTALL = YES;
				SWIFT_EMIT_LOC_STRINGS = YES;
				SWIFT_VERSION = 5.0;
			};
			name = Release;
		};
		CCDD00112233445500000006 /* Debug */ = {
			isa = XCBuildConfiguration;
			buildSettings = {
				ALWAYS_SEARCH_USER_PATHS = NO;
				CODE_SIGN_ENTITLEMENTS = CodexUsageWidgetExtension/CodexUsageWidgetExtension.entitlements;
				CODE_SIGN_IDENTITY = "Apple Development";
				CODE_SIGN_STYLE = Automatic;
				CURRENT_PROJECT_VERSION = 1;
				DEVELOPMENT_TEAM = HN6S8N7886;
				ENABLE_TESTABILITY = YES;
				GENERATE_INFOPLIST_FILE = YES;
				INFOPLIST_FILE = Config/CodexUsageWidgetExtension-Info.plist;
				INFOPLIST_KEY_CFBundleDisplayName = "Codex Usage";
				INFOPLIST_KEY_NSHumanReadableCopyright = "";
				LD_RUNPATH_SEARCH_PATHS = (
					"$(inherited)",
					"@executable_path/../Frameworks",
					"@executable_path/../../../../Frameworks",
				);
				MACOSX_DEPLOYMENT_TARGET = 14.0;
				MARKETING_VERSION = 1.0;
				PRODUCT_BUNDLE_IDENTIFIER = com.delikat.agentusage.codexwidget;
				PRODUCT_NAME = "$(TARGET_NAME)";
				SKIP_INSTALL = YES;
				SWIFT_EMIT_LOC_STRINGS = YES;
				SWIFT_OPTIMIZATION_LEVEL = "-Onone";
				SWIFT_VERSION = 5.0;
			};
			name = Debug;
		};
		CCDD00112233445500000007 /* Release */ = {
			isa = XCBuildConfiguration;
			buildSettings = {
				ALWAYS_SEARCH_USER_PATHS = NO;
				CODE_SIGN_ENTITLEMENTS = CodexUsageWidgetExtension/CodexUsageWidgetExtension.entitlements;
				CODE_SIGN_IDENTITY = "Apple Development";
				CODE_SIGN_STYLE = Automatic;
				CURRENT_PROJECT_VERSION = 1;
				DEVELOPMENT_TEAM = HN6S8N7886;
				GENERATE_INFOPLIST_FILE = YES;
				INFOPLIST_FILE = Config/CodexUsageWidgetExtension-Info.plist;
				INFOPLIST_KEY_CFBundleDisplayName = "Codex Usage";
				INFOPLIST_KEY_NSHumanReadableCopyright = "";
				LD_RUNPATH_SEARCH_PATHS = (
					"$(inherited)",
					"@executable_path/../Frameworks",
					"@executable_path/../../../../Frameworks",
				);
				MACOSX_DEPLOYMENT_TARGET = 14.0;
				MARKETING_VERSION = 1.0;
				PRODUCT_BUNDLE_IDENTIFIER = com.delikat.agentusage.codexwidget;
				PRODUCT_NAME = "$(TARGET_NAME)";
				SKIP_INSTALL = YES;
				SWIFT_EMIT_LOC_STRINGS = YES;
				SWIFT_VERSION = 5.0;
			};
			name = Release;
		};
/* End XCBuildConfiguration section */

/* Begin XCConfigurationList section */
		8BC265572DEDD3F400F279A4 /* Build configuration list for PBXProject "AgentUsage" */ = {
			isa = XCConfigurationList;
			buildConfigurations = (
				8BC2657C2DEDD3F500F279A4 /* Debug */,
				8BC2657D2DEDD3F500F279A4 /* Release */,
			);
			defaultConfigurationIsVisible = 0;
			defaultConfigurationName = Release;
		};
		8BC2657E2DEDD3F500F279A4 /* Build configuration list for PBXNativeTarget "AgentUsage" */ = {
			isa = XCConfigurationList;
			buildConfigurations = (
				8BC2657F2DEDD3F500F279A4 /* Debug */,
				8BC265802DEDD3F500F279A4 /* Release */,
			);
			defaultConfigurationIsVisible = 0;
			defaultConfigurationName = Release;
		};
		8BC265842DEDD3F500F279A4 /* Build configuration list for PBXNativeTarget "AgentUsageUITests" */ = {
			isa = XCConfigurationList;
			buildConfigurations = (
				8BC265852DEDD3F500F279A4 /* Debug */,
				8BC265862DEDD3F500F279A4 /* Release */,
			);
			defaultConfigurationIsVisible = 0;
			defaultConfigurationName = Release;
		};
		AABB00112233445500000005 /* Build configuration list for PBXNativeTarget "AgentUsageWidgetExtension" */ = {
			isa = XCConfigurationList;
			buildConfigurations = (
				AABB00112233445500000006 /* Debug */,
				AABB00112233445500000007 /* Release */,
			);
			defaultConfigurationIsVisible = 0;
			defaultConfigurationName = Release;
		};
		CCDD00112233445500000005 /* Build configuration list for PBXNativeTarget "CodexUsageWidgetExtension" */ = {
			isa = XCConfigurationList;
			buildConfigurations = (
				CCDD00112233445500000006 /* Debug */,
				CCDD00112233445500000007 /* Release */,
			);
			defaultConfigurationIsVisible = 0;
			defaultConfigurationName = Release;
		};
		DDDD00112233445500000005 /* Build configuration list for PBXNativeTarget "WidgetSnapshotTests" */ = {
			isa = XCConfigurationList;
			buildConfigurations = (
				DDDD00112233445500000006 /* Debug */,
				DDDD00112233445500000007 /* Release */,
			);
			defaultConfigurationIsVisible = 0;
			defaultConfigurationName = Release;
		};
/* End XCConfigurationList section */

/* Begin XCSwiftPackageProductDependency section */
		8B90D1472DEDD44A00FBD189 /* Shared */ = {
			isa = XCSwiftPackageProductDependency;
			productName = Shared;
		};
		AABB0011223344550000000B /* Shared */ = {
			isa = XCSwiftPackageProductDependency;
			productName = Shared;
		};
		CCDD0011223344550000000B /* Shared */ = {
			isa = XCSwiftPackageProductDependency;
			productName = Shared;
		};
		DDDD0011223344550000000A /* Shared */ = {
			isa = XCSwiftPackageProductDependency;
			productName = Shared;
		};
/* End XCSwiftPackageProductDependency section */
	};
	rootObject = 8BC265542DEDD3F400F279A4 /* Project object */;
}
